
Microsoft Visual Studio Solution File, Format Version 12.00
# Visual Studio Version 17
VisualStudioVersion = 17.4.33103.184
MinimumVisualStudioVersion = 10.0.40219.1
Project("{9A19103F-16F7-4668-BE54-9A1E7A4F7556}") = "FractalSharp", "FractalSharp.csproj", "{02ECA6CB-CE80-4E8C-B772-E1B7DAD765DA}"
EndProject
Global
	GlobalSection(SolutionConfigurationPlatforms) = preSolution
		Debug|Any CPU = Debug|Any CPU
		Release|Any CPU = Release|Any CPU
	EndGlobalSection
	GlobalSection(ProjectConfigurationPlatforms) = postSolution
		{02ECA6CB-CE80-4E8C-B772-E1B7DAD765DA}.Debug|Any CPU.ActiveCfg = Debug|Any CPU
		{02ECA6CB-CE80-4E8C-B772-E1B7DAD765DA}.Debug|Any CPU.Build.0 = Debug|Any CPU
		{02ECA6CB-CE80-4E8C-B772-E1B7DAD765DA}.Release|Any CPU.ActiveCfg = Release|Any CPU
		{02ECA6CB-CE80-4E8C-B772-E1B7DAD765DA}.Release|Any CPU.Build.0 = Release|Any CPU
	EndGlobalSection
	GlobalSection(SolutionProperties) = preSolution
		HideSolutionNode = FALSE
	EndGlobalSection
	GlobalSection(ExtensibilityGlobals) = postSolution
		SolutionGuid = {B5CF13E2-35E2-4302-9093-24D1E9A16C9A}
	EndGlobalSection
EndGlobal
