
Microsoft Visual Studio Solution File, Format Version 12.00
# Visual Studio Version 17
VisualStudioVersion = 17.4.33103.184
MinimumVisualStudioVersion = 10.0.40219.1
Project("{9A19103F-16F7-4668-BE54-9A1E7A4F7556}") = "FractalSharpMPI", "FractalSharpMPI\FractalSharpMPI.csproj", "{7D86FC03-CED6-4127-B1D8-C7BB323971BF}"
EndProject
Project("{9A19103F-16F7-4668-BE54-9A1E7A4F7556}") = "FractalSharp", "FractalSharp\FractalSharp.csproj", "{8B79857B-B024-45F5-AA57-9FAAC48A3EDD}"
EndProject
Global
	GlobalSection(SolutionConfigurationPlatforms) = preSolution
		Debug|Any CPU = Debug|Any CPU
		Debug|x64 = Debug|x64
		Release|Any CPU = Release|Any CPU
		Release|x64 = Release|x64
	EndGlobalSection
	GlobalSection(ProjectConfigurationPlatforms) = postSolution
		{7D86FC03-CED6-4127-B1D8-C7BB323971BF}.Debug|Any CPU.ActiveCfg = Debug|Any CPU
		{7D86FC03-CED6-4127-B1D8-C7BB323971BF}.Debug|Any CPU.Build.0 = Debug|Any CPU
		{7D86FC03-CED6-4127-B1D8-C7BB323971BF}.Debug|x64.ActiveCfg = Debug|x64
		{7D86FC03-CED6-4127-B1D8-C7BB323971BF}.Debug|x64.Build.0 = Debug|x64
		{7D86FC03-CED6-4127-B1D8-C7BB323971BF}.Release|Any CPU.ActiveCfg = Release|Any CPU
		{7D86FC03-CED6-4127-B1D8-C7BB323971BF}.Release|Any CPU.Build.0 = Release|Any CPU
		{7D86FC03-CED6-4127-B1D8-C7BB323971BF}.Release|x64.ActiveCfg = Release|x64
		{7D86FC03-CED6-4127-B1D8-C7BB323971BF}.Release|x64.Build.0 = Release|x64
		{8B79857B-B024-45F5-AA57-9FAAC48A3EDD}.Debug|Any CPU.ActiveCfg = Debug|Any CPU
		{8B79857B-B024-45F5-AA57-9FAAC48A3EDD}.Debug|Any CPU.Build.0 = Debug|Any CPU
		{8B79857B-B024-45F5-AA57-9FAAC48A3EDD}.Debug|x64.ActiveCfg = Debug|x64
		{8B79857B-B024-45F5-AA57-9FAAC48A3EDD}.Debug|x64.Build.0 = Debug|x64
		{8B79857B-B024-45F5-AA57-9FAAC48A3EDD}.Release|Any CPU.ActiveCfg = Release|Any CPU
		{8B79857B-B024-45F5-AA57-9FAAC48A3EDD}.Release|Any CPU.Build.0 = Release|Any CPU
		{8B79857B-B024-45F5-AA57-9FAAC48A3EDD}.Release|x64.ActiveCfg = Release|x64
		{8B79857B-B024-45F5-AA57-9FAAC48A3EDD}.Release|x64.Build.0 = Release|x64
	EndGlobalSection
	GlobalSection(SolutionProperties) = preSolution
		HideSolutionNode = FALSE
	EndGlobalSection
	GlobalSection(ExtensibilityGlobals) = postSolution
		SolutionGuid = {B5CF13E2-35E2-4302-9093-24D1E9A16C9A}
	EndGlobalSection
EndGlobal
